// !$*UTF8*$!
{
	archiveVersion = 1;
	classes = {
	};
	objectVersion = 46;
	objects = {

/* Begin PBXBuildFile section */
		6CD106AF1A23071800C222A3 /* main.m in Sources */ = {isa = PBXBuildFile; fileRef = 6CD106AE1A23071800C222A3 /* main.m */; };
		6CD106B21A23071800C222A3 /* AppDelegate.m in Sources */ = {isa = PBXBuildFile; fileRef = 6CD106B11A23071800C222A3 /* AppDelegate.m */; };
		6CD106B51A23071800C222A3 /* test2.xcdatamodeld in Sources */ = {isa = PBXBuildFile; fileRef = 6CD106B31A23071800C222A3 /* test2.xcdatamodeld */; };
		6CD106B81A23071800C222A3 /* ViewController.m in Sources */ = {isa = PBXBuildFile; fileRef = 6CD106B71A23071800C222A3 /* ViewController.m */; };
		6CD106BB1A23071800C222A3 /* Main.storyboard in Resources */ = {isa = PBXBuildFile; fileRef = 6CD106B91A23071800C222A3 /* Main.storyboard */; };
		6CD106BD1A23071800C222A3 /* Images.xcassets in Resources */ = {isa = PBXBuildFile; fileRef = 6CD106BC1A23071800C222A3 /* Images.xcassets */; };
		6CD106C01A23071800C222A3 /* LaunchScreen.xib in Resources */ = {isa = PBXBuildFile; fileRef = 6CD106BE1A23071800C222A3 /* LaunchScreen.xib */; };
		6CD106CC1A23071800C222A3 /* test2Tests.m in Sources */ = {isa = PBXBuildFile; fileRef = 6CD106CB1A23071800C222A3 /* test2Tests.m */; };
		6CD106DF1A2315C000C222A3 /* NSObject+DataController.m in Sources */ = {isa = PBXBuildFile; fileRef = 6CD106DE1A2315C000C222A3 /* NSObject+DataController.m */; };
		6CD106E21A23199D00C222A3 /* blue_fire-wallpaper-2400x1350.jpg in Resources */ = {isa = PBXBuildFile; fileRef = 6CD106E11A23199D00C222A3 /* blue_fire-wallpaper-2400x1350.jpg */; };
		6CD106EA1A231C6E00C222A3 /* dice-1-md.png in Resources */ = {isa = PBXBuildFile; fileRef = 6CD106E31A231C6E00C222A3 /* dice-1-md.png */; };
		6CD106EB1A231C6E00C222A3 /* dice-2-md.png in Resources */ = {isa = PBXBuildFile; fileRef = 6CD106E41A231C6E00C222A3 /* dice-2-md.png */; };
		6CD106EC1A231C6E00C222A3 /* dice-3-md.png in Resources */ = {isa = PBXBuildFile; fileRef = 6CD106E51A231C6E00C222A3 /* dice-3-md.png */; };
		6CD106ED1A231C6E00C222A3 /* dice-5-md.png in Resources */ = {isa = PBXBuildFile; fileRef = 6CD106E61A231C6E00C222A3 /* dice-5-md.png */; };
		6CD106EE1A231C6E00C222A3 /* dice-6-md.png in Resources */ = {isa = PBXBuildFile; fileRef = 6CD106E71A231C6E00C222A3 /* dice-6-md.png */; };
		6CD106EF1A231C6E00C222A3 /* Dice-41.png in Resources */ = {isa = PBXBuildFile; fileRef = 6CD106E81A231C6E00C222A3 /* Dice-41.png */; };
		6CD106F01A231C6E00C222A3 /* scenic_Beach_001_iphone_background_wallpaper.jpg in Resources */ = {isa = PBXBuildFile; fileRef = 6CD106E91A231C6E00C222A3 /* scenic_Beach_001_iphone_background_wallpaper.jpg */; };
/* End PBXBuildFile section */

/* Begin PBXContainerItemProxy section */
		6CD106C61A23071800C222A3 /* PBXContainerItemProxy */ = {
			isa = PBXContainerItemProxy;
			containerPortal = 6CD106A11A23071800C222A3 /* Project object */;
			proxyType = 1;
			remoteGlobalIDString = 6CD106A81A23071800C222A3;
			remoteInfo = test2;
		};
/* End PBXContainerItemProxy section */

/* Begin PBXFileReference section */
		6CD106A91A23071800C222A3 /* test2.app */ = {isa = PBXFileReference; explicitFileType = wrapper.application; includeInIndex = 0; path = test2.app; sourceTree = BUILT_PRODUCTS_DIR; };
		6CD106AD1A23071800C222A3 /* Info.plist */ = {isa = PBXFileReference; lastKnownFileType = text.plist.xml; path = Info.plist; sourceTree = "<group>"; };
		6CD106AE1A23071800C222A3 /* main.m */ = {isa = PBXFileReference; lastKnownFileType = sourcecode.c.objc; path = main.m; sourceTree = "<group>"; };
		6CD106B01A23071800C222A3 /* AppDelegate.h */ = {isa = PBXFileReference; lastKnownFileType = sourcecode.c.h; path = AppDelegate.h; sourceTree = "<group>"; };
		6CD106B11A23071800C222A3 /* AppDelegate.m */ = {isa = PBXFileReference; lastKnownFileType = sourcecode.c.objc; path = AppDelegate.m; sourceTree = "<group>"; };
		6CD106B41A23071800C222A3 /* test2.xcdatamodel */ = {isa = PBXFileReference; lastKnownFileType = wrapper.xcdatamodel; path = test2.xcdatamodel; sourceTree = "<group>"; };
		6CD106B61A23071800C222A3 /* ViewController.h */ = {isa = PBXFileReference; lastKnownFileType = sourcecode.c.h; path = ViewController.h; sourceTree = "<group>"; };
		6CD106B71A23071800C222A3 /* ViewController.m */ = {isa = PBXFileReference; lastKnownFileType = sourcecode.c.objc; path = ViewController.m; sourceTree = "<group>"; };
		6CD106BA1A23071800C222A3 /* Base */ = {isa = PBXFileReference; lastKnownFileType = file.storyboard; name = Base; path = Base.lproj/Main.storyboard; sourceTree = "<group>"; };
		6CD106BC1A23071800C222A3 /* Images.xcassets */ = {isa = PBXFileReference; lastKnownFileType = folder.assetcatalog; path = Images.xcassets; sourceTree = "<group>"; };
		6CD106BF1A23071800C222A3 /* Base */ = {isa = PBXFileReference; lastKnownFileType = file.xib; name = Base; path = Base.lproj/LaunchScreen.xib; sourceTree = "<group>"; };
		6CD106C51A23071800C222A3 /* test2Tests.xctest */ = {isa = PBXFileReference; explicitFileType = wrapper.cfbundle; includeInIndex = 0; path = test2Tests.xctest; sourceTree = BUILT_PRODUCTS_DIR; };
		6CD106CA1A23071800C222A3 /* Info.plist */ = {isa = PBXFileReference; lastKnownFileType = text.plist.xml; path = Info.plist; sourceTree = "<group>"; };
		6CD106CB1A23071800C222A3 /* test2Tests.m */ = {isa = PBXFileReference; lastKnownFileType = sourcecode.c.objc; path = test2Tests.m; sourceTree = "<group>"; };
		6CD106DD1A2315C000C222A3 /* NSObject+DataController.h */ = {isa = PBXFileReference; fileEncoding = 4; lastKnownFileType = sourcecode.c.h; path = "NSObject+DataController.h"; sourceTree = "<group>"; };
		6CD106DE1A2315C000C222A3 /* NSObject+DataController.m */ = {isa = PBXFileReference; fileEncoding = 4; lastKnownFileType = sourcecode.c.objc; path = "NSObject+DataController.m"; sourceTree = "<group>"; };
		6CD106E11A23199D00C222A3 /* blue_fire-wallpaper-2400x1350.jpg */ = {isa = PBXFileReference; lastKnownFileType = image.jpeg; path = "blue_fire-wallpaper-2400x1350.jpg"; sourceTree = "<group>"; };
		6CD106E31A231C6E00C222A3 /* dice-1-md.png */ = {isa = PBXFileReference; lastKnownFileType = image.png; path = "dice-1-md.png"; sourceTree = "<group>"; };
		6CD106E41A231C6E00C222A3 /* dice-2-md.png */ = {isa = PBXFileReference; lastKnownFileType = image.png; path = "dice-2-md.png"; sourceTree = "<group>"; };
		6CD106E51A231C6E00C222A3 /* dice-3-md.png */ = {isa = PBXFileReference; lastKnownFileType = image.png; path = "dice-3-md.png"; sourceTree = "<group>"; };
		6CD106E61A231C6E00C222A3 /* dice-5-md.png */ = {isa = PBXFileReference; lastKnownFileType = image.png; path = "dice-5-md.png"; sourceTree = "<group>"; };
		6CD106E71A231C6E00C222A3 /* dice-6-md.png */ = {isa = PBXFileReference; lastKnownFileType = image.png; path = "dice-6-md.png"; sourceTree = "<group>"; };
		6CD106E81A231C6E00C222A3 /* Dice-41.png */ = {isa = PBXFileReference; lastKnownFileType = image.png; path = "Dice-41.png"; sourceTree = "<group>"; };
		6CD106E91A231C6E00C222A3 /* scenic_Beach_001_iphone_background_wallpaper.jpg */ = {isa = PBXFileReference; lastKnownFileType = image.jpeg; path = scenic_Beach_001_iphone_background_wallpaper.jpg; sourceTree = "<group>"; };
/* End PBXFileReference section */

/* Begin PBXFrameworksBuildPhase section */
		6CD106A61A23071800C222A3 /* Frameworks */ = {
			isa = PBXFrameworksBuildPhase;
			buildActionMask = 2147483647;
			files = (
			);
			runOnlyForDeploymentPostprocessing = 0;
		};
		6CD106C21A23071800C222A3 /* Frameworks */ = {
			isa = PBXFrameworksBuildPhase;
			buildActionMask = 2147483647;
			files = (
			);
			runOnlyForDeploymentPostprocessing = 0;
		};
/* End PBXFrameworksBuildPhase section */

/* Begin PBXGroup section */
		6CD106A01A23071800C222A3 = {
			isa = PBXGroup;
			children = (
				6CD106AB1A23071800C222A3 /* test2 */,
				6CD106C81A23071800C222A3 /* test2Tests */,
				6CD106AA1A23071800C222A3 /* Products */,
			);
			sourceTree = "<group>";
		};
		6CD106AA1A23071800C222A3 /* Products */ = {
			isa = PBXGroup;
			children = (
				6CD106A91A23071800C222A3 /* test2.app */,
				6CD106C51A23071800C222A3 /* test2Tests.xctest */,
			);
			name = Products;
			sourceTree = "<group>";
		};
		6CD106AB1A23071800C222A3 /* test2 */ = {
			isa = PBXGroup;
			children = (
				6CD106E01A23193D00C222A3 /* Assets */,
				6CD106B01A23071800C222A3 /* AppDelegate.h */,
				6CD106B11A23071800C222A3 /* AppDelegate.m */,
				6CD106B61A23071800C222A3 /* ViewController.h */,
				6CD106B71A23071800C222A3 /* ViewController.m */,
				6CD106B91A23071800C222A3 /* Main.storyboard */,
				6CD106BC1A23071800C222A3 /* Images.xcassets */,
				6CD106BE1A23071800C222A3 /* LaunchScreen.xib */,
				6CD106B31A23071800C222A3 /* test2.xcdatamodeld */,
				6CD106AC1A23071800C222A3 /* Supporting Files */,
				6CD106DD1A2315C000C222A3 /* NSObject+DataController.h */,
				6CD106DE1A2315C000C222A3 /* NSObject+DataController.m */,
			);
			path = test2;
			sourceTree = "<group>";
		};
		6CD106AC1A23071800C222A3 /* Supporting Files */ = {
			isa = PBXGroup;
			children = (
				6CD106AD1A23071800C222A3 /* Info.plist */,
				6CD106AE1A23071800C222A3 /* main.m */,
			);
			name = "Supporting Files";
			sourceTree = "<group>";
		};
		6CD106C81A23071800C222A3 /* test2Tests */ = {
			isa = PBXGroup;
			children = (
				6CD106CB1A23071800C222A3 /* test2Tests.m */,
				6CD106C91A23071800C222A3 /* Supporting Files */,
			);
			path = test2Tests;
			sourceTree = "<group>";
		};
		6CD106C91A23071800C222A3 /* Supporting Files */ = {
			isa = PBXGroup;
			children = (
				6CD106CA1A23071800C222A3 /* Info.plist */,
			);
			name = "Supporting Files";
			sourceTree = "<group>";
		};
		6CD106E01A23193D00C222A3 /* Assets */ = {
			isa = PBXGroup;
			children = (
				6CD106E31A231C6E00C222A3 /* dice-1-md.png */,
				6CD106E41A231C6E00C222A3 /* dice-2-md.png */,
				6CD106E51A231C6E00C222A3 /* dice-3-md.png */,
				6CD106E61A231C6E00C222A3 /* dice-5-md.png */,
				6CD106E71A231C6E00C222A3 /* dice-6-md.png */,
				6CD106E81A231C6E00C222A3 /* Dice-41.png */,
				6CD106E91A231C6E00C222A3 /* scenic_Beach_001_iphone_background_wallpaper.jpg */,
				6CD106E11A23199D00C222A3 /* blue_fire-wallpaper-2400x1350.jpg */,
			);
			name = Assets;
			sourceTree = "<group>";
		};
/* End PBXGroup section */

/* Begin PBXNativeTarget section */
		6CD106A81A23071800C222A3 /* test2 */ = {
			isa = PBXNativeTarget;
			buildConfigurationList = 6CD106CF1A23071800C222A3 /* Build configuration list for PBXNativeTarget "test2" */;
			buildPhases = (
				6CD106A51A23071800C222A3 /* Sources */,
				6CD106A61A23071800C222A3 /* Frameworks */,
				6CD106A71A23071800C222A3 /* Resources */,
			);
			buildRules = (
			);
			dependencies = (
			);
			name = test2;
			productName = test2;
			productReference = 6CD106A91A23071800C222A3 /* test2.app */;
			productType = "com.apple.product-type.application";
		};
		6CD106C41A23071800C222A3 /* test2Tests */ = {
			isa = PBXNativeTarget;
			buildConfigurationList = 6CD106D21A23071800C222A3 /* Build configuration list for PBXNativeTarget "test2Tests" */;
			buildPhases = (
				6CD106C11A23071800C222A3 /* Sources */,
				6CD106C21A23071800C222A3 /* Frameworks */,
				6CD106C31A23071800C222A3 /* Resources */,
			);
			buildRules = (
			);
			dependencies = (
				6CD106C71A23071800C222A3 /* PBXTargetDependency */,
			);
			name = test2Tests;
			productName = test2Tests;
			productReference = 6CD106C51A23071800C222A3 /* test2Tests.xctest */;
			productType = "com.apple.product-type.bundle.unit-test";
		};
/* End PBXNativeTarget section */

/* Begin PBXProject section */
		6CD106A11A23071800C222A3 /* Project object */ = {
			isa = PBXProject;
			attributes = {
				LastUpgradeCheck = 0610;
				ORGANIZATIONNAME = biggifx;
				TargetAttributes = {
					6CD106A81A23071800C222A3 = {
						CreatedOnToolsVersion = 6.1;
					};
					6CD106C41A23071800C222A3 = {
						CreatedOnToolsVersion = 6.1;
						TestTargetID = 6CD106A81A23071800C222A3;
					};
				};
			};
			buildConfigurationList = 6CD106A41A23071800C222A3 /* Build configuration list for PBXProject "test2" */;
			compatibilityVersion = "Xcode 3.2";
			developmentRegion = English;
			hasScannedForEncodings = 0;
			knownRegions = (
				en,
				Base,
			);
			mainGroup = 6CD106A01A23071800C222A3;
			productRefGroup = 6CD106AA1A23071800C222A3 /* Products */;
			projectDirPath = "";
			projectRoot = "";
			targets = (
				6CD106A81A23071800C222A3 /* test2 */,
				6CD106C41A23071800C222A3 /* test2Tests */,
			);
		};
/* End PBXProject section */

/* Begin PBXResourcesBuildPhase section */
		6CD106A71A23071800C222A3 /* Resources */ = {
			isa = PBXResourcesBuildPhase;
			buildActionMask = 2147483647;
			files = (
				6CD106EB1A231C6E00C222A3 /* dice-2-md.png in Resources */,
				6CD106F01A231C6E00C222A3 /* scenic_Beach_001_iphone_background_wallpaper.jpg in Resources */,
				6CD106EC1A231C6E00C222A3 /* dice-3-md.png in Resources */,
				6CD106BB1A23071800C222A3 /* Main.storyboard in Resources */,
				6CD106C01A23071800C222A3 /* LaunchScreen.xib in Resources */,
				6CD106E21A23199D00C222A3 /* blue_fire-wallpaper-2400x1350.jpg in Resources */,
				6CD106EF1A231C6E00C222A3 /* Dice-41.png in Resources */,
				6CD106ED1A231C6E00C222A3 /* dice-5-md.png in Resources */,
				6CD106EA1A231C6E00C222A3 /* dice-1-md.png in Resources */,
				6CD106EE1A231C6E00C222A3 /* dice-6-md.png in Resources */,
				6CD106BD1A23071800C222A3 /* Images.xcassets in Resources */,
			);
			runOnlyForDeploymentPostprocessing = 0;
		};
		6CD106C31A23071800C222A3 /* Resources */ = {
			isa = PBXResourcesBuildPhase;
			buildActionMask = 2147483647;
			files = (
			);
			runOnlyForDeploymentPostprocessing = 0;
		};
/* End PBXResourcesBuildPhase section */

/* Begin PBXSourcesBuildPhase section */
		6CD106A51A23071800C222A3 /* Sources */ = {
			isa = PBXSourcesBuildPhase;
			buildActionMask = 2147483647;
			files = (
				6CD106B21A23071800C222A3 /* AppDelegate.m in Sources */,
				6CD106B51A23071800C222A3 /* test2.xcdatamodeld in Sources */,
				6CD106B81A23071800C222A3 /* ViewController.m in Sources */,
				6CD106DF1A2315C000C222A3 /* NSObject+DataController.m in Sources */,
				6CD106AF1A23071800C222A3 /* main.m in Sources */,
			);
			runOnlyForDeploymentPostprocessing = 0;
		};
		6CD106C11A23071800C222A3 /* Sources */ = {
			isa = PBXSourcesBuildPhase;
			buildActionMask = 2147483647;
			files = (
				6CD106CC1A23071800C222A3 /* test2Tests.m in Sources */,
			);
			runOnlyForDeploymentPostprocessing = 0;
		};
/* End PBXSourcesBuildPhase section */

/* Begin PBXTargetDependency section */
		6CD106C71A23071800C222A3 /* PBXTargetDependency */ = {
			isa = PBXTargetDependency;
			target = 6CD106A81A23071800C222A3 /* test2 */;
			targetProxy = 6CD106C61A23071800C222A3 /* PBXContainerItemProxy */;
		};
/* End PBXTargetDependency section */

/* Begin PBXVariantGroup section */
		6CD106B91A23071800C222A3 /* Main.storyboard */ = {
			isa = PBXVariantGroup;
			children = (
				6CD106BA1A23071800C222A3 /* Base */,
			);
			name = Main.storyboard;
			sourceTree = "<group>";
		};
		6CD106BE1A23071800C222A3 /* LaunchScreen.xib */ = {
			isa = PBXVariantGroup;
			children = (
				6CD106BF1A23071800C222A3 /* Base */,
			);
			name = LaunchScreen.xib;
			sourceTree = "<group>";
		};
/* End PBXVariantGroup section */

/* Begin XCBuildConfiguration section */
		6CD106CD1A23071800C222A3 /* Debug */ = {
			isa = XCBuildConfiguration;
			buildSettings = {
				ALWAYS_SEARCH_USER_PATHS = NO;
				CLANG_CXX_LANGUAGE_STANDARD = "gnu++0x";
				CLANG_CXX_LIBRARY = "libc++";
				CLANG_ENABLE_MODULES = YES;
				CLANG_ENABLE_OBJC_ARC = YES;
				CLANG_WARN_BOOL_CONVERSION = YES;
				CLANG_WARN_CONSTANT_CONVERSION = YES;
				CLANG_WARN_DIRECT_OBJC_ISA_USAGE = YES_ERROR;
				CLANG_WARN_EMPTY_BODY = YES;
				CLANG_WARN_ENUM_CONVERSION = YES;
				CLANG_WARN_INT_CONVERSION = YES;
				CLANG_WARN_OBJC_ROOT_CLASS = YES_ERROR;
				CLANG_WARN_UNREACHABLE_CODE = YES;
				CLANG_WARN__DUPLICATE_METHOD_MATCH = YES;
				"CODE_SIGN_IDENTITY[sdk=iphoneos*]" = "iPhone Developer";
				COPY_PHASE_STRIP = NO;
				ENABLE_STRICT_OBJC_MSGSEND = YES;
				GCC_C_LANGUAGE_STANDARD = gnu99;
				GCC_DYNAMIC_NO_PIC = NO;
				GCC_OPTIMIZATION_LEVEL = 0;
				GCC_PREPROCESSOR_DEFINITIONS = (
					"DEBUG=1",
					"$(inherited)",
				);
				GCC_SYMBOLS_PRIVATE_EXTERN = NO;
				GCC_WARN_64_TO_32_BIT_CONVERSION = YES;
				GCC_WARN_ABOUT_RETURN_TYPE = YES_ERROR;
				GCC_WARN_UNDECLARED_SELECTOR = YES;
				GCC_WARN_UNINITIALIZED_AUTOS = YES_AGGRESSIVE;
				GCC_WARN_UNUSED_FUNCTION = YES;
				GCC_WARN_UNUSED_VARIABLE = YES;
				IPHONEOS_DEPLOYMENT_TARGET = 8.1;
				MTL_ENABLE_DEBUG_INFO = YES;
				ONLY_ACTIVE_ARCH = YES;
				SDKROOT = iphoneos;
				TARGETED_DEVICE_FAMILY = "1,2";
			};
			name = Debug;
		};
		6CD106CE1A23071800C222A3 /* Release */ = {
			isa = XCBuildConfiguration;
			buildSettings = {
				ALWAYS_SEARCH_USER_PATHS = NO;
				CLANG_CXX_LANGUAGE_STANDARD = "gnu++0x";
				CLANG_CXX_LIBRARY = "libc++";
				CLANG_ENABLE_MODULES = YES;
				CLANG_ENABLE_OBJC_ARC = YES;
				CLANG_WARN_BOOL_CONVERSION = YES;
				CLANG_WARN_CONSTANT_CONVERSION = YES;
				CLANG_WARN_DIRECT_OBJC_ISA_USAGE = YES_ERROR;
				CLANG_WARN_EMPTY_BODY = YES;
				CLANG_WARN_ENUM_CONVERSION = YES;
				CLANG_WARN_INT_CONVERSION = YES;
				CLANG_WARN_OBJC_ROOT_CLASS = YES_ERROR;
				CLANG_WARN_UNREACHABLE_CODE = YES;
				CLANG_WARN__DUPLICATE_METHOD_MATCH = YES;
				"CODE_SIGN_IDENTITY[sdk=iphoneos*]" = "iPhone Developer";
				COPY_PHASE_STRIP = YES;
				ENABLE_NS_ASSERTIONS = NO;
				ENABLE_STRICT_OBJC_MSGSEND = YES;
				GCC_C_LANGUAGE_STANDARD = gnu99;
				GCC_WARN_64_TO_32_BIT_CONVERSION = YES;
				GCC_WARN_ABOUT_RETURN_TYPE = YES_ERROR;
				GCC_WARN_UNDECLARED_SELECTOR = YES;
				GCC_WARN_UNINITIALIZED_AUTOS = YES_AGGRESSIVE;
				GCC_WARN_UNUSED_FUNCTION = YES;
				GCC_WARN_UNUSED_VARIABLE = YES;
				IPHONEOS_DEPLOYMENT_TARGET = 8.1;
				MTL_ENABLE_DEBUG_INFO = NO;
				SDKROOT = iphoneos;
				TARGETED_DEVICE_FAMILY = "1,2";
				VALIDATE_PRODUCT = YES;
			};
			name = Release;
		};
		6CD106D01A23071800C222A3 /* Debug */ = {
			isa = XCBuildConfiguration;
			buildSettings = {
				ASSETCATALOG_COMPILER_APPICON_NAME = AppIcon;
				INFOPLIST_FILE = test2/Info.plist;
				LD_RUNPATH_SEARCH_PATHS = "$(inherited) @executable_path/Frameworks";
				PRODUCT_NAME = "$(TARGET_NAME)";
				TARGETED_DEVICE_FAMILY = "1,2";
			};
			name = Debug;
		};
		6CD106D11A23071800C222A3 /* Release */ = {
			isa = XCBuildConfiguration;
			buildSettings = {
				ASSETCATALOG_COMPILER_APPICON_NAME = AppIcon;
				INFOPLIST_FILE = test2/Info.plist;
				LD_RUNPATH_SEARCH_PATHS = "$(inherited) @executable_path/Frameworks";
				PRODUCT_NAME = "$(TARGET_NAME)";
				TARGETED_DEVICE_FAMILY = "1,2";
			};
			name = Release;
		};
		6CD106D31A23071800C222A3 /* Debug */ = {
			isa = XCBuildConfiguration;
			buildSettings = {
				BUNDLE_LOADER = "$(TEST_HOST)";
				FRAMEWORK_SEARCH_PATHS = (
					"$(SDKROOT)/Developer/Library/Frameworks",
					"$(inherited)",
				);
				GCC_PREPROCESSOR_DEFINITIONS = (
					"DEBUG=1",
					"$(inherited)",
				);
				INFOPLIST_FILE = test2Tests/Info.plist;
				LD_RUNPATH_SEARCH_PATHS = "$(inherited) @executable_path/Frameworks @loader_path/Frameworks";
				PRODUCT_NAME = "$(TARGET_NAME)";
				TEST_HOST = "$(BUILT_PRODUCTS_DIR)/test2.app/test2";
			};
			name = Debug;
		};
		6CD106D41A23071800C222A3 /* Release */ = {
			isa = XCBuildConfiguration;
			buildSettings = {
				BUNDLE_LOADER = "$(TEST_HOST)";
				FRAMEWORK_SEARCH_PATHS = (
					"$(SDKROOT)/Developer/Library/Frameworks",
					"$(inherited)",
				);
				INFOPLIST_FILE = test2Tests/Info.plist;
				LD_RUNPATH_SEARCH_PATHS = "$(inherited) @executable_path/Frameworks @loader_path/Frameworks";
				PRODUCT_NAME = "$(TARGET_NAME)";
				TEST_HOST = "$(BUILT_PRODUCTS_DIR)/test2.app/test2";
			};
			name = Release;
		};
/* End XCBuildConfiguration section */

/* Begin XCConfigurationList section */
		6CD106A41A23071800C222A3 /* Build configuration list for PBXProject "test2" */ = {
			isa = XCConfigurationList;
			buildConfigurations = (
				6CD106CD1A23071800C222A3 /* Debug */,
				6CD106CE1A23071800C222A3 /* Release */,
			);
			defaultConfigurationIsVisible = 0;
			defaultConfigurationName = Release;
		};
		6CD106CF1A23071800C222A3 /* Build configuration list for PBXNativeTarget "test2" */ = {
			isa = XCConfigurationList;
			buildConfigurations = (
				6CD106D01A23071800C222A3 /* Debug */,
				6CD106D11A23071800C222A3 /* Release */,
			);
			defaultConfigurationIsVisible = 0;
		};
		6CD106D21A23071800C222A3 /* Build configuration list for PBXNativeTarget "test2Tests" */ = {
			isa = XCConfigurationList;
			buildConfigurations = (
				6CD106D31A23071800C222A3 /* Debug */,
				6CD106D41A23071800C222A3 /* Release */,
			);
			defaultConfigurationIsVisible = 0;
		};
/* End XCConfigurationList section */

/* Begin XCVersionGroup section */
		6CD106B31A23071800C222A3 /* test2.xcdatamodeld */ = {
			isa = XCVersionGroup;
			children = (
				6CD106B41A23071800C222A3 /* test2.xcdatamodel */,
			);
			currentVersion = 6CD106B41A23071800C222A3 /* test2.xcdatamodel */;
			path = test2.xcdatamodeld;
			sourceTree = "<group>";
			versionGroupType = wrapper.xcdatamodel;
		};
/* End XCVersionGroup section */
	};
	rootObject = 6CD106A11A23071800C222A3 /* Project object */;
}
